// !$*UTF8*$!
{
	archiveVersion = 1;
	classes = {
	};
	objectVersion = 55;
	objects = {

/* Begin PBXBuildFile section */
		EB918F0927C3C421001F30C2 /* AppDelegate.swift in Sources */ = {isa = PBXBuildFile; fileRef = EB918F0827C3C421001F30C2 /* AppDelegate.swift */; };
		EB918F0B27C3C421001F30C2 /* SceneDelegate.swift in Sources */ = {isa = PBXBuildFile; fileRef = EB918F0A27C3C421001F30C2 /* SceneDelegate.swift */; };
		EB918F0D27C3C421001F30C2 /* ViewController.swift in Sources */ = {isa = PBXBuildFile; fileRef = EB918F0C27C3C421001F30C2 /* ViewController.swift */; };
		EB918F1027C3C421001F30C2 /* Main.storyboard in Resources */ = {isa = PBXBuildFile; fileRef = EB918F0E27C3C421001F30C2 /* Main.storyboard */; };
		EB918F1227C3C423001F30C2 /* Assets.xcassets in Resources */ = {isa = PBXBuildFile; fileRef = EB918F1127C3C423001F30C2 /* Assets.xcassets */; };
		EB918F1527C3C423001F30C2 /* LaunchScreen.storyboard in Resources */ = {isa = PBXBuildFile; fileRef = EB918F1327C3C423001F30C2 /* LaunchScreen.storyboard */; };
		EB918F1D27C3C5E5001F30C2 /* BiometricsAuthManager.swift in Sources */ = {isa = PBXBuildFile; fileRef = EB918F1C27C3C5E5001F30C2 /* BiometricsAuthManager.swift */; };
		EB918F2027C3C82F001F30C2 /* BiometricResult.swift in Sources */ = {isa = PBXBuildFile; fileRef = EB918F1F27C3C82F001F30C2 /* BiometricResult.swift */; };
/* End PBXBuildFile section */

/* Begin PBXFileReference section */
		EB918F0527C3C421001F30C2 /* Biometrics how-to.app */ = {isa = PBXFileReference; explicitFileType = wrapper.application; includeInIndex = 0; path = "Biometrics how-to.app"; sourceTree = BUILT_PRODUCTS_DIR; };
		EB918F0827C3C421001F30C2 /* AppDelegate.swift */ = {isa = PBXFileReference; lastKnownFileType = sourcecode.swift; path = AppDelegate.swift; sourceTree = "<group>"; };
		EB918F0A27C3C421001F30C2 /* SceneDelegate.swift */ = {isa = PBXFileReference; lastKnownFileType = sourcecode.swift; path = SceneDelegate.swift; sourceTree = "<group>"; };
		EB918F0C27C3C421001F30C2 /* ViewController.swift */ = {isa = PBXFileReference; lastKnownFileType = sourcecode.swift; path = ViewController.swift; sourceTree = "<group>"; };
		EB918F0F27C3C421001F30C2 /* Base */ = {isa = PBXFileReference; lastKnownFileType = file.storyboard; name = Base; path = Base.lproj/Main.storyboard; sourceTree = "<group>"; };
		EB918F1127C3C423001F30C2 /* Assets.xcassets */ = {isa = PBXFileReference; lastKnownFileType = folder.assetcatalog; path = Assets.xcassets; sourceTree = "<group>"; };
		EB918F1427C3C423001F30C2 /* Base */ = {isa = PBXFileReference; lastKnownFileType = file.storyboard; name = Base; path = Base.lproj/LaunchScreen.storyboard; sourceTree = "<group>"; };
		EB918F1627C3C423001F30C2 /* Info.plist */ = {isa = PBXFileReference; lastKnownFileType = text.plist.xml; path = Info.plist; sourceTree = "<group>"; };
		EB918F1C27C3C5E5001F30C2 /* BiometricsAuthManager.swift */ = {isa = PBXFileReference; lastKnownFileType = sourcecode.swift; path = BiometricsAuthManager.swift; sourceTree = "<group>"; };
		EB918F1F27C3C82F001F30C2 /* BiometricResult.swift */ = {isa = PBXFileReference; lastKnownFileType = sourcecode.swift; path = BiometricResult.swift; sourceTree = "<group>"; };
/* End PBXFileReference section */

/* Begin PBXFrameworksBuildPhase section */
		EB918F0227C3C421001F30C2 /* Frameworks */ = {
			isa = PBXFrameworksBuildPhase;
			buildActionMask = 2147483647;
			files = (
			);
			runOnlyForDeploymentPostprocessing = 0;
		};
/* End PBXFrameworksBuildPhase section */

/* Begin PBXGroup section */
		EB918EFC27C3C421001F30C2 = {
			isa = PBXGroup;
			children = (
				EB918F0727C3C421001F30C2 /* Biometrics how-to */,
				EB918F0627C3C421001F30C2 /* Products */,
			);
			sourceTree = "<group>";
		};
		EB918F0627C3C421001F30C2 /* Products */ = {
			isa = PBXGroup;
			children = (
				EB918F0527C3C421001F30C2 /* Biometrics how-to.app */,
			);
			name = Products;
			sourceTree = "<group>";
		};
		EB918F0727C3C421001F30C2 /* Biometrics how-to */ = {
			isa = PBXGroup;
			children = (
				EB918F1E27C3C81E001F30C2 /* Biometrics */,
				EB918F0827C3C421001F30C2 /* AppDelegate.swift */,
				EB918F0A27C3C421001F30C2 /* SceneDelegate.swift */,
				EB918F0C27C3C421001F30C2 /* ViewController.swift */,
				EB918F0E27C3C421001F30C2 /* Main.storyboard */,
				EB918F1127C3C423001F30C2 /* Assets.xcassets */,
				EB918F1327C3C423001F30C2 /* LaunchScreen.storyboard */,
				EB918F1627C3C423001F30C2 /* Info.plist */,
			);
			path = "Biometrics how-to";
			sourceTree = "<group>";
		};
		EB918F1E27C3C81E001F30C2 /* Biometrics */ = {
			isa = PBXGroup;
			children = (
				EB918F1C27C3C5E5001F30C2 /* BiometricsAuthManager.swift */,
				EB918F1F27C3C82F001F30C2 /* BiometricResult.swift */,
			);
			path = Biometrics;
			sourceTree = "<group>";
		};
/* End PBXGroup section */

/* Begin PBXNativeTarget section */
		EB918F0427C3C421001F30C2 /* Biometrics how-to */ = {
			isa = PBXNativeTarget;
			buildConfigurationList = EB918F1927C3C423001F30C2 /* Build configuration list for PBXNativeTarget "Biometrics how-to" */;
			buildPhases = (
				EB918F0127C3C421001F30C2 /* Sources */,
				EB918F0227C3C421001F30C2 /* Frameworks */,
				EB918F0327C3C421001F30C2 /* Resources */,
			);
			buildRules = (
			);
			dependencies = (
			);
			name = "Biometrics how-to";
			productName = "Biometrics how-to";
			productReference = EB918F0527C3C421001F30C2 /* Biometrics how-to.app */;
			productType = "com.apple.product-type.application";
		};
/* End PBXNativeTarget section */

/* Begin PBXProject section */
		EB918EFD27C3C421001F30C2 /* Project object */ = {
			isa = PBXProject;
			attributes = {
				BuildIndependentTargetsInParallel = 1;
				LastSwiftUpdateCheck = 1320;
				LastUpgradeCheck = 1320;
				TargetAttributes = {
					EB918F0427C3C421001F30C2 = {
						CreatedOnToolsVersion = 13.2.1;
					};
				};
			};
			buildConfigurationList = EB918F0027C3C421001F30C2 /* Build configuration list for PBXProject "Biometrics how-to" */;
			compatibilityVersion = "Xcode 13.0";
			developmentRegion = en;
			hasScannedForEncodings = 0;
			knownRegions = (
				en,
				Base,
			);
			mainGroup = EB918EFC27C3C421001F30C2;
			productRefGroup = EB918F0627C3C421001F30C2 /* Products */;
			projectDirPath = "";
			projectRoot = "";
			targets = (
				EB918F0427C3C421001F30C2 /* Biometrics how-to */,
			);
		};
/* End PBXProject section */

/* Begin PBXResourcesBuildPhase section */
		EB918F0327C3C421001F30C2 /* Resources */ = {
			isa = PBXResourcesBuildPhase;
			buildActionMask = 2147483647;
			files = (
				EB918F1527C3C423001F30C2 /* LaunchScreen.storyboard in Resources */,
				EB918F1227C3C423001F30C2 /* Assets.xcassets in Resources */,
				EB918F1027C3C421001F30C2 /* Main.storyboard in Resources */,
			);
			runOnlyForDeploymentPostprocessing = 0;
		};
/* End PBXResourcesBuildPhase section */

/* Begin PBXSourcesBuildPhase section */
		EB918F0127C3C421001F30C2 /* Sources */ = {
			isa = PBXSourcesBuildPhase;
			buildActionMask = 2147483647;
			files = (
				EB918F2027C3C82F001F30C2 /* BiometricResult.swift in Sources */,
				EB918F1D27C3C5E5001F30C2 /* BiometricsAuthManager.swift in Sources */,
				EB918F0D27C3C421001F30C2 /* ViewController.swift in Sources */,
				EB918F0927C3C421001F30C2 /* AppDelegate.swift in Sources */,
				EB918F0B27C3C421001F30C2 /* SceneDelegate.swift in Sources */,
			);
			runOnlyForDeploymentPostprocessing = 0;
		};
/* End PBXSourcesBuildPhase section */

/* Begin PBXVariantGroup section */
		EB918F0E27C3C421001F30C2 /* Main.storyboard */ = {
			isa = PBXVariantGroup;
			children = (
				EB918F0F27C3C421001F30C2 /* Base */,
			);
			name = Main.storyboard;
			sourceTree = "<group>";
		};
		EB918F1327C3C423001F30C2 /* LaunchScreen.storyboard */ = {
			isa = PBXVariantGroup;
			children = (
				EB918F1427C3C423001F30C2 /* Base */,
			);
			name = LaunchScreen.storyboard;
			sourceTree = "<group>";
		};
/* End PBXVariantGroup section */

/* Begin XCBuildConfiguration section */
		EB918F1727C3C423001F30C2 /* Debug */ = {
			isa = XCBuildConfiguration;
			buildSettings = {
				ALWAYS_SEARCH_USER_PATHS = NO;
				CLANG_ANALYZER_NONNULL = YES;
				CLANG_ANALYZER_NUMBER_OBJECT_CONVERSION = YES_AGGRESSIVE;
				CLANG_CXX_LANGUAGE_STANDARD = "gnu++17";
				CLANG_CXX_LIBRARY = "libc++";
				CLANG_ENABLE_MODULES = YES;
				CLANG_ENABLE_OBJC_ARC = YES;
				CLANG_ENABLE_OBJC_WEAK = YES;
				CLANG_WARN_BLOCK_CAPTURE_AUTORELEASING = YES;
				CLANG_WARN_BOOL_CONVERSION = YES;
				CLANG_WARN_COMMA = YES;
				CLANG_WARN_CONSTANT_CONVERSION = YES;
				CLANG_WARN_DEPRECATED_OBJC_IMPLEMENTATIONS = YES;
				CLANG_WARN_DIRECT_OBJC_ISA_USAGE = YES_ERROR;
				CLANG_WARN_DOCUMENTATION_COMMENTS = YES;
				CLANG_WARN_EMPTY_BODY = YES;
				CLANG_WARN_ENUM_CONVERSION = YES;
				CLANG_WARN_INFINITE_RECURSION = YES;
				CLANG_WARN_INT_CONVERSION = YES;
				CLANG_WARN_NON_LITERAL_NULL_CONVERSION = YES;
				CLANG_WARN_OBJC_IMPLICIT_RETAIN_SELF = YES;
				CLANG_WARN_OBJC_LITERAL_CONVERSION = YES;
				CLANG_WARN_OBJC_ROOT_CLASS = YES_ERROR;
				CLANG_WARN_QUOTED_INCLUDE_IN_FRAMEWORK_HEADER = YES;
				CLANG_WARN_RANGE_LOOP_ANALYSIS = YES;
				CLANG_WARN_STRICT_PROTOTYPES = YES;
				CLANG_WARN_SUSPICIOUS_MOVE = YES;
				CLANG_WARN_UNGUARDED_AVAILABILITY = YES_AGGRESSIVE;
				CLANG_WARN_UNREACHABLE_CODE = YES;
				CLANG_WARN__DUPLICATE_METHOD_MATCH = YES;
				COPY_PHASE_STRIP = NO;
				DEBUG_INFORMATION_FORMAT = dwarf;
				ENABLE_STRICT_OBJC_MSGSEND = YES;
				ENABLE_TESTABILITY = YES;
				GCC_C_LANGUAGE_STANDARD = gnu11;
				GCC_DYNAMIC_NO_PIC = NO;
				GCC_NO_COMMON_BLOCKS = YES;
				GCC_OPTIMIZATION_LEVEL = 0;
				GCC_PREPROCESSOR_DEFINITIONS = (
					"DEBUG=1",
					"$(inherited)",
				);
				GCC_WARN_64_TO_32_BIT_CONVERSION = YES;
				GCC_WARN_ABOUT_RETURN_TYPE = YES_ERROR;
				GCC_WARN_UNDECLARED_SELECTOR = YES;
				GCC_WARN_UNINITIALIZED_AUTOS = YES_AGGRESSIVE;
				GCC_WARN_UNUSED_FUNCTION = YES;
				GCC_WARN_UNUSED_VARIABLE = YES;
				IPHONEOS_DEPLOYMENT_TARGET = 15.2;
				MTL_ENABLE_DEBUG_INFO = INCLUDE_SOURCE;
				MTL_FAST_MATH = YES;
				ONLY_ACTIVE_ARCH = YES;
				SDKROOT = iphoneos;
				SWIFT_ACTIVE_COMPILATION_CONDITIONS = DEBUG;
				SWIFT_OPTIMIZATION_LEVEL = "-Onone";
			};
			name = Debug;
		};
		EB918F1827C3C423001F30C2 /* Release */ = {
			isa = XCBuildConfiguration;
			buildSettings = {
				ALWAYS_SEARCH_USER_PATHS = NO;
				CLANG_ANALYZER_NONNULL = YES;
				CLANG_ANALYZER_NUMBER_OBJECT_CONVERSION = YES_AGGRESSIVE;
				CLANG_CXX_LANGUAGE_STANDARD = "gnu++17";
				CLANG_CXX_LIBRARY = "libc++";
				CLANG_ENABLE_MODULES = YES;
				CLANG_ENABLE_OBJC_ARC = YES;
				CLANG_ENABLE_OBJC_WEAK = YES;
				CLANG_WARN_BLOCK_CAPTURE_AUTORELEASING = YES;
				CLANG_WARN_BOOL_CONVERSION = YES;
				CLANG_WARN_COMMA = YES;
				CLANG_WARN_CONSTANT_CONVERSION = YES;
				CLANG_WARN_DEPRECATED_OBJC_IMPLEMENTATIONS = YES;
				CLANG_WARN_DIRECT_OBJC_ISA_USAGE = YES_ERROR;
				CLANG_WARN_DOCUMENTATION_COMMENTS = YES;
				CLANG_WARN_EMPTY_BODY = YES;
				CLANG_WARN_ENUM_CONVERSION = YES;
				CLANG_WARN_INFINITE_RECURSION = YES;
				CLANG_WARN_INT_CONVERSION = YES;
				CLANG_WARN_NON_LITERAL_NULL_CONVERSION = YES;
				CLANG_WARN_OBJC_IMPLICIT_RETAIN_SELF = YES;
				CLANG_WARN_OBJC_LITERAL_CONVERSION = YES;
				CLANG_WARN_OBJC_ROOT_CLASS = YES_ERROR;
				CLANG_WARN_QUOTED_INCLUDE_IN_FRAMEWORK_HEADER = YES;
				CLANG_WARN_RANGE_LOOP_ANALYSIS = YES;
				CLANG_WARN_STRICT_PROTOTYPES = YES;
				CLANG_WARN_SUSPICIOUS_MOVE = YES;
				CLANG_WARN_UNGUARDED_AVAILABILITY = YES_AGGRESSIVE;
				CLANG_WARN_UNREACHABLE_CODE = YES;
				CLANG_WARN__DUPLICATE_METHOD_MATCH = YES;
				COPY_PHASE_STRIP = NO;
				DEBUG_INFORMATION_FORMAT = "dwarf-with-dsym";
				ENABLE_NS_ASSERTIONS = NO;
				ENABLE_STRICT_OBJC_MSGSEND = YES;
				GCC_C_LANGUAGE_STANDARD = gnu11;
				GCC_NO_COMMON_BLOCKS = YES;
				GCC_WARN_64_TO_32_BIT_CONVERSION = YES;
				GCC_WARN_ABOUT_RETURN_TYPE = YES_ERROR;
				GCC_WARN_UNDECLARED_SELECTOR = YES;
				GCC_WARN_UNINITIALIZED_AUTOS = YES_AGGRESSIVE;
				GCC_WARN_UNUSED_FUNCTION = YES;
				GCC_WARN_UNUSED_VARIABLE = YES;
				IPHONEOS_DEPLOYMENT_TARGET = 15.2;
				MTL_ENABLE_DEBUG_INFO = NO;
				MTL_FAST_MATH = YES;
				SDKROOT = iphoneos;
				SWIFT_COMPILATION_MODE = wholemodule;
				SWIFT_OPTIMIZATION_LEVEL = "-O";
				VALIDATE_PRODUCT = YES;
			};
			name = Release;
		};
		EB918F1A27C3C423001F30C2 /* Debug */ = {
			isa = XCBuildConfiguration;
			buildSettings = {
				ASSETCATALOG_COMPILER_APPICON_NAME = AppIcon;
				ASSETCATALOG_COMPILER_GLOBAL_ACCENT_COLOR_NAME = AccentColor;
				CODE_SIGN_STYLE = Automatic;
				CURRENT_PROJECT_VERSION = 1;
				DEVELOPMENT_TEAM = 9HJ69C5G9K;
				GENERATE_INFOPLIST_FILE = YES;
				INFOPLIST_FILE = "Biometrics how-to/Info.plist";
				INFOPLIST_KEY_UIApplicationSupportsIndirectInputEvents = YES;
				INFOPLIST_KEY_UILaunchStoryboardName = LaunchScreen;
				INFOPLIST_KEY_UIMainStoryboardFile = Main;
				INFOPLIST_KEY_UISupportedInterfaceOrientations = UIInterfaceOrientationPortrait;
				INFOPLIST_KEY_UISupportedInterfaceOrientations_iPad = "UIInterfaceOrientationPortrait UIInterfaceOrientationPortraitUpsideDown UIInterfaceOrientationLandscapeLeft UIInterfaceOrientationLandscapeRight";
				INFOPLIST_KEY_UISupportedInterfaceOrientations_iPhone = "UIInterfaceOrientationPortrait UIInterfaceOrientationLandscapeLeft UIInterfaceOrientationLandscapeRight";
				LD_RUNPATH_SEARCH_PATHS = (
					"$(inherited)",
					"@executable_path/Frameworks",
				);
				MARKETING_VERSION = 1.0;
				PRODUCT_BUNDLE_IDENTIFIER = "com.netguru.biometrics-how-to.Biometrics-how-to";
				PRODUCT_NAME = "$(TARGET_NAME)";
				SWIFT_EMIT_LOC_STRINGS = YES;
				SWIFT_VERSION = 5.0;
				TARGETED_DEVICE_FAMILY = 1;
			};
			name = Debug;
		};
		EB918F1B27C3C423001F30C2 /* Release */ = {
			isa = XCBuildConfiguration;
			buildSettings = {
				ASSETCATALOG_COMPILER_APPICON_NAME = AppIcon;
				ASSETCATALOG_COMPILER_GLOBAL_ACCENT_COLOR_NAME = AccentColor;
				CODE_SIGN_STYLE = Automatic;
				CURRENT_PROJECT_VERSION = 1;
				DEVELOPMENT_TEAM = 9HJ69C5G9K;
				GENERATE_INFOPLIST_FILE = YES;
				INFOPLIST_FILE = "Biometrics how-to/Info.plist";
				INFOPLIST_KEY_UIApplicationSupportsIndirectInputEvents = YES;
				INFOPLIST_KEY_UILaunchStoryboardName = LaunchScreen;
				INFOPLIST_KEY_UIMainStoryboardFile = Main;
				INFOPLIST_KEY_UISupportedInterfaceOrientations = UIInterfaceOrientationPortrait;
				INFOPLIST_KEY_UISupportedInterfaceOrientations_iPad = "UIInterfaceOrientationPortrait UIInterfaceOrientationPortraitUpsideDown UIInterfaceOrientationLandscapeLeft UIInterfaceOrientationLandscapeRight";
				INFOPLIST_KEY_UISupportedInterfaceOrientations_iPhone = "UIInterfaceOrientationPortrait UIInterfaceOrientationLandscapeLeft UIInterfaceOrientationLandscapeRight";
				LD_RUNPATH_SEARCH_PATHS = (
					"$(inherited)",
					"@executable_path/Frameworks",
				);
				MARKETING_VERSION = 1.0;
				PRODUCT_BUNDLE_IDENTIFIER = "com.netguru.biometrics-how-to.Biometrics-how-to";
				PRODUCT_NAME = "$(TARGET_NAME)";
				SWIFT_EMIT_LOC_STRINGS = YES;
				SWIFT_VERSION = 5.0;
				TARGETED_DEVICE_FAMILY = 1;
			};
			name = Release;
		};
/* End XCBuildConfiguration section */

/* Begin XCConfigurationList section */
		EB918F0027C3C421001F30C2 /* Build configuration list for PBXProject "Biometrics how-to" */ = {
			isa = XCConfigurationList;
			buildConfigurations = (
				EB918F1727C3C423001F30C2 /* Debug */,
				EB918F1827C3C423001F30C2 /* Release */,
			);
			defaultConfigurationIsVisible = 0;
			defaultConfigurationName = Release;
		};
		EB918F1927C3C423001F30C2 /* Build configuration list for PBXNativeTarget "Biometrics how-to" */ = {
			isa = XCConfigurationList;
			buildConfigurations = (
				EB918F1A27C3C423001F30C2 /* Debug */,
				EB918F1B27C3C423001F30C2 /* Release */,
			);
			defaultConfigurationIsVisible = 0;
			defaultConfigurationName = Release;
		};
/* End XCConfigurationList section */
	};
	rootObject = EB918EFD27C3C421001F30C2 /* Project object */;
}
